
Microsoft Visual Studio Solution File, Format Version 12.00
# Visual Studio Version 16
VisualStudioVersion = 16.0.28917.181
MinimumVisualStudioVersion = 10.0.40219.1
Project("{9A19103F-16F7-4668-BE54-9A1E7A4F7556}") = "WebApp", "WebApp\WebApp.csproj", "{5136D2FD-7B40-47EA-A071-4AFDF89E2C81}"
EndProject
Project("{9A19103F-16F7-4668-BE54-9A1E7A4F7556}") = "Tests", "Tests\Tests.csproj", "{37D75542-1BD7-466A-9D41-350CE440A04F}"
EndProject
Global
	GlobalSection(SolutionConfigurationPlatforms) = preSolution
		Debug|Any CPU = Debug|Any CPU
		Release|Any CPU = Release|Any CPU
	EndGlobalSection
	GlobalSection(ProjectConfigurationPlatforms) = postSolution
		{5136D2FD-7B40-47EA-A071-4AFDF89E2C81}.Debug|Any CPU.ActiveCfg = Debug|Any CPU
		{5136D2FD-7B40-47EA-A071-4AFDF89E2C81}.Debug|Any CPU.Build.0 = Debug|Any CPU
		{5136D2FD-7B40-47EA-A071-4AFDF89E2C81}.Release|Any CPU.ActiveCfg = Release|Any CPU
		{5136D2FD-7B40-47EA-A071-4AFDF89E2C81}.Release|Any CPU.Build.0 = Release|Any CPU
		{37D75542-1BD7-466A-9D41-350CE440A04F}.Debug|Any CPU.ActiveCfg = Debug|Any CPU
		{37D75542-1BD7-466A-9D41-350CE440A04F}.Debug|Any CPU.Build.0 = Debug|Any CPU
		{37D75542-1BD7-466A-9D41-350CE440A04F}.Release|Any CPU.ActiveCfg = Release|Any CPU
		{37D75542-1BD7-466A-9D41-350CE440A04F}.Release|Any CPU.Build.0 = Release|Any CPU
	EndGlobalSection
	GlobalSection(SolutionProperties) = preSolution
		HideSolutionNode = FALSE
	EndGlobalSection
	GlobalSection(ExtensibilityGlobals) = postSolution
		SolutionGuid = {B9C7D9D0-FD27-4D8B-9AAD-3B1018ED9DC9}
	EndGlobalSection
EndGlobal
